
Microsoft Visual Studio Solution File, Format Version 12.00
# Visual Studio Version 16
VisualStudioVersion = 16.0.33027.164
MinimumVisualStudioVersion = 10.0.40219.1
Project("{FAE04EC0-301F-11D3-BF4B-00C04F79EFBC}") = "SimpleDotShapes", "SimpleDotShapes.csproj", "{D345C8AF-2164-43F2-8DC6-A3FB7319E176}"
EndProject
Global
	GlobalSection(SolutionConfigurationPlatforms) = preSolution
		Debug|Any CPU = Debug|Any CPU
		Release|Any CPU = Release|Any CPU
	EndGlobalSection
	GlobalSection(ProjectConfigurationPlatforms) = postSolution
		{D345C8AF-2164-43F2-8DC6-A3FB7319E176}.Debug|Any CPU.ActiveCfg = Debug|Any CPU
		{D345C8AF-2164-43F2-8DC6-A3FB7319E176}.Debug|Any CPU.Build.0 = Debug|Any CPU
		{D345C8AF-2164-43F2-8DC6-A3FB7319E176}.Release|Any CPU.ActiveCfg = Release|Any CPU
		{D345C8AF-2164-43F2-8DC6-A3FB7319E176}.Release|Any CPU.Build.0 = Release|Any CPU
	EndGlobalSection
	GlobalSection(SolutionProperties) = preSolution
		HideSolutionNode = FALSE
	EndGlobalSection
	GlobalSection(ExtensibilityGlobals) = postSolution
		SolutionGuid = {BD2D650C-1590-4A8B-A9F3-B1F28BB86C2E}
	EndGlobalSection
EndGlobal
