
Microsoft Visual Studio Solution File, Format Version 12.00
# Visual Studio Version 16
VisualStudioVersion = 16.0.33027.164
MinimumVisualStudioVersion = 10.0.40219.1
Project("{FAE04EC0-301F-11D3-BF4B-00C04F79EFBC}") = "PassByReference", "PassByReference.csproj", "{82522099-F615-408B-B6A0-5C8C8A1F6C42}"
EndProject
Global
	GlobalSection(SolutionConfigurationPlatforms) = preSolution
		Debug|Any CPU = Debug|Any CPU
		Release|Any CPU = Release|Any CPU
	EndGlobalSection
	GlobalSection(ProjectConfigurationPlatforms) = postSolution
		{82522099-F615-408B-B6A0-5C8C8A1F6C42}.Debug|Any CPU.ActiveCfg = Debug|Any CPU
		{82522099-F615-408B-B6A0-5C8C8A1F6C42}.Debug|Any CPU.Build.0 = Debug|Any CPU
		{82522099-F615-408B-B6A0-5C8C8A1F6C42}.Release|Any CPU.ActiveCfg = Release|Any CPU
		{82522099-F615-408B-B6A0-5C8C8A1F6C42}.Release|Any CPU.Build.0 = Release|Any CPU
	EndGlobalSection
	GlobalSection(SolutionProperties) = preSolution
		HideSolutionNode = FALSE
	EndGlobalSection
	GlobalSection(ExtensibilityGlobals) = postSolution
		SolutionGuid = {ACD15421-346A-4E07-9273-76908B10CCB3}
	EndGlobalSection
EndGlobal
