
Microsoft Visual Studio Solution File, Format Version 12.00
# Visual Studio Version 16
VisualStudioVersion = 16.0.33027.164
MinimumVisualStudioVersion = 10.0.40219.1
Project("{FAE04EC0-301F-11D3-BF4B-00C04F79EFBC}") = "TShirt", "TShirt.csproj", "{3186AF05-11FC-49F3-AEC1-42817D48E29C}"
EndProject
Global
	GlobalSection(SolutionConfigurationPlatforms) = preSolution
		Debug|Any CPU = Debug|Any CPU
		Release|Any CPU = Release|Any CPU
	EndGlobalSection
	GlobalSection(ProjectConfigurationPlatforms) = postSolution
		{3186AF05-11FC-49F3-AEC1-42817D48E29C}.Debug|Any CPU.ActiveCfg = Debug|Any CPU
		{3186AF05-11FC-49F3-AEC1-42817D48E29C}.Debug|Any CPU.Build.0 = Debug|Any CPU
		{3186AF05-11FC-49F3-AEC1-42817D48E29C}.Release|Any CPU.ActiveCfg = Release|Any CPU
		{3186AF05-11FC-49F3-AEC1-42817D48E29C}.Release|Any CPU.Build.0 = Release|Any CPU
	EndGlobalSection
	GlobalSection(SolutionProperties) = preSolution
		HideSolutionNode = FALSE
	EndGlobalSection
	GlobalSection(ExtensibilityGlobals) = postSolution
		SolutionGuid = {50B7D668-9A6D-450E-BDC0-BA8A2382BFB2}
	EndGlobalSection
EndGlobal
